
Microsoft Visual Studio Solution File, Format Version 12.00
# Visual Studio 2013
VisualStudioVersion = 12.0.40629.0
MinimumVisualStudioVersion = 10.0.40219.1
Project("{2150E333-8FDC-42A3-9474-1A3956D46DE8}") = "AJTaskManagerService", "AJTaskManagerService", "{F6C0526E-9FE6-4B07-B340-243315E431F1}"
EndProject
Project("{FAE04EC0-301F-11D3-BF4B-00C04F79EFBC}") = "AJTaskManagerService.Windows", "AJTaskManagerService\AJTaskManagerService.Windows\AJTaskManagerService.Windows.csproj", "{C8FCA4E8-5E5B-4B79-95A9-A74383823FEC}"
	ProjectSection(ProjectDependencies) = postProject
		{209FA716-A7AD-4095-BD70-C8710FC66FA7} = {209FA716-A7AD-4095-BD70-C8710FC66FA7}
	EndProjectSection
EndProject
Project("{D954291E-2A0B-460D-934E-DC6B0785DB48}") = "AJTaskManagerService.Shared", "AJTaskManagerService\AJTaskManagerService.Shared\AJTaskManagerService.Shared.shproj", "{1BBA7382-395F-44D1-9431-813384EAB491}"
EndProject
Project("{FAE04EC0-301F-11D3-BF4B-00C04F79EFBC}") = "AJTaskManagerService.WindowsPhone", "AJTaskManagerService\AJTaskManagerService.WindowsPhone\AJTaskManagerService.WindowsPhone.csproj", "{BD50ECA0-7F46-41E1-A407-56821F327B5B}"
	ProjectSection(ProjectDependencies) = postProject
		{209FA716-A7AD-4095-BD70-C8710FC66FA7} = {209FA716-A7AD-4095-BD70-C8710FC66FA7}
	EndProjectSection
EndProject
Project("{FAE04EC0-301F-11D3-BF4B-00C04F79EFBC}") = "AJTaskManagerServiceService", "AJTaskManagerServiceService\AJTaskManagerServiceService.csproj", "{209FA716-A7AD-4095-BD70-C8710FC66FA7}"
EndProject
Project("{FAE04EC0-301F-11D3-BF4B-00C04F79EFBC}") = "AJTaskManagerMobile", "AJTaskManagerMobile\AJTaskManagerMobile.csproj", "{8A9B4DBC-A7FD-49F3-A001-089B7939CDFC}"
EndProject
Project("{2150E333-8FDC-42A3-9474-1A3956D46DE8}") = "WindowsPhone", "WindowsPhone", "{06A2DBE9-7FF6-40C0-9447-22FB96ACBEA0}"
EndProject
Project("{2150E333-8FDC-42A3-9474-1A3956D46DE8}") = "AzureService", "AzureService", "{A5DD4CCE-A480-4E23-A2E7-C77775C89F11}"
EndProject
Project("{FAE04EC0-301F-11D3-BF4B-00C04F79EFBC}") = "WebApplication1", "WebApplication1\WebApplication1.csproj", "{FC9900B2-530A-462D-9DF4-D8E2820C4FF5}"
EndProject
Project("{2150E333-8FDC-42A3-9474-1A3956D46DE8}") = "Tests", "Tests", "{4EEFE5CF-B8A2-4555-8461-84E20CF8F4B5}"
EndProject
Project("{2150E333-8FDC-42A3-9474-1A3956D46DE8}") = "Others", "Others", "{95DFF502-546A-4A0E-BF64-654F631EEBE1}"
EndProject
Project("{FAE04EC0-301F-11D3-BF4B-00C04F79EFBC}") = "EntityFrameworkCodeFirst", "EntityFrameworkCodeFirst\EntityFrameworkCodeFirst.csproj", "{DCECA27D-F595-4875-AB17-9D7746EB3ED6}"
EndProject
Project("{FAE04EC0-301F-11D3-BF4B-00C04F79EFBC}") = "AJTaskManagerMobileUnitTests", "AJTaskManagerMobileUnitTests\AJTaskManagerMobileUnitTests.csproj", "{5309B3F8-F669-4958-B27D-EF4665BB7AAE}"
EndProject
Project("{F088123C-0E9E-452A-89E6-6BA2F21D5CAC}") = "ModelingProject", "ModelingProject\ModelingProject.modelproj", "{A9986FC9-74E5-4352-BFCB-8004F5F85F0A}"
EndProject
Project("{FAE04EC0-301F-11D3-BF4B-00C04F79EFBC}") = "AJTaskManagerWebUnitTests", "AJTaskManagerWebUnitTests\AJTaskManagerWebUnitTests.csproj", "{14EEB428-5520-4A8B-8F45-29BF8F14666D}"
EndProject
Global
	GlobalSection(SharedMSBuildProjectFiles) = preSolution
		AJTaskManagerService\AJTaskManagerService.Shared\AJTaskManagerService.Shared.projitems*{bd50eca0-7f46-41e1-a407-56821f327b5b}*SharedItemsImports = 4
		AJTaskManagerService\AJTaskManagerService.Shared\AJTaskManagerService.Shared.projitems*{1bba7382-395f-44d1-9431-813384eab491}*SharedItemsImports = 13
		AJTaskManagerService\AJTaskManagerService.Shared\AJTaskManagerService.Shared.projitems*{c8fca4e8-5e5b-4b79-95a9-a74383823fec}*SharedItemsImports = 4
	EndGlobalSection
	GlobalSection(TeamFoundationVersionControl) = preSolution
		SccNumberOfProjects = 12
		SccEnterpriseProvider = {4CA58AB2-18FA-4F8D-95D4-32DDF27D184C}
		SccTeamFoundationServer = https://jskoczen.visualstudio.com/defaultcollection
		SccLocalPath0 = .
		SccProjectUniqueName1 = AJTaskManagerService\\AJTaskManagerService.Shared\\AJTaskManagerService.Shared.shproj
		SccProjectTopLevelParentUniqueName1 = AJTaskManagerService.sln
		SccProjectName1 = AJTaskManagerService/AJTaskManagerService.Shared
		SccLocalPath1 = AJTaskManagerService\\AJTaskManagerService.Shared
		SccProjectUniqueName2 = AJTaskManagerService\\AJTaskManagerService.Windows\\AJTaskManagerService.Windows.csproj
		SccProjectTopLevelParentUniqueName2 = AJTaskManagerService.sln
		SccProjectName2 = AJTaskManagerService/AJTaskManagerService.Windows
		SccLocalPath2 = AJTaskManagerService\\AJTaskManagerService.Windows
		SccProjectUniqueName3 = AJTaskManagerService\\AJTaskManagerService.WindowsPhone\\AJTaskManagerService.WindowsPhone.csproj
		SccProjectTopLevelParentUniqueName3 = AJTaskManagerService.sln
		SccProjectName3 = AJTaskManagerService/AJTaskManagerService.WindowsPhone
		SccLocalPath3 = AJTaskManagerService\\AJTaskManagerService.WindowsPhone
		SccProjectUniqueName4 = AJTaskManagerServiceService\\AJTaskManagerServiceService.csproj
		SccProjectTopLevelParentUniqueName4 = AJTaskManagerService.sln
		SccProjectName4 = AJTaskManagerServiceService
		SccLocalPath4 = AJTaskManagerServiceService
		SccProjectUniqueName5 = AJTaskManagerMobile\\AJTaskManagerMobile.csproj
		SccProjectTopLevelParentUniqueName5 = AJTaskManagerService.sln
		SccProjectName5 = AJTaskManagerMobile
		SccLocalPath5 = AJTaskManagerMobile
		SccProjectUniqueName6 = AJTaskManagerService\\AJTaskManagerService.Shared\\AJTaskManagerService.Shared.projitems
		SccProjectTopLevelParentUniqueName6 = AJTaskManagerService.sln
		SccProjectName6 = AJTaskManagerService/AJTaskManagerService.Shared
		SccLocalPath6 = AJTaskManagerService\\AJTaskManagerService.Shared
		SccProjectUniqueName7 = WebApplication1\\WebApplication1.csproj
		SccProjectName7 = WebApplication1
		SccLocalPath7 = WebApplication1
		SccProjectUniqueName8 = EntityFrameworkCodeFirst\\EntityFrameworkCodeFirst.csproj
		SccProjectTopLevelParentUniqueName8 = AJTaskManagerService.sln
		SccProjectName8 = EntityFrameworkCodeFirst
		SccLocalPath8 = EntityFrameworkCodeFirst
		SccProjectUniqueName9 = AJTaskManagerMobileUnitTests\\AJTaskManagerMobileUnitTests.csproj
		SccProjectTopLevelParentUniqueName9 = AJTaskManagerService.sln
		SccProjectName9 = AJTaskManagerMobileUnitTests
		SccLocalPath9 = AJTaskManagerMobileUnitTests
		SccProjectUniqueName10 = ModelingProject\\ModelingProject.modelproj
		SccProjectTopLevelParentUniqueName10 = AJTaskManagerService.sln
		SccProjectName10 = ModelingProject
		SccLocalPath10 = ModelingProject
		SccProjectUniqueName11 = AJTaskManagerWebUnitTests\\AJTaskManagerWebUnitTests.csproj
		SccProjectTopLevelParentUniqueName11 = AJTaskManagerService.sln
		SccProjectName11 = AJTaskManagerWebUnitTests
		SccLocalPath11 = AJTaskManagerWebUnitTests
	EndGlobalSection
	GlobalSection(SolutionConfigurationPlatforms) = preSolution
		Debug|Any CPU = Debug|Any CPU
		Debug|ARM = Debug|ARM
		Debug|Mixed Platforms = Debug|Mixed Platforms
		Debug|x64 = Debug|x64
		Debug|x86 = Debug|x86
		Release|Any CPU = Release|Any CPU
		Release|ARM = Release|ARM
		Release|Mixed Platforms = Release|Mixed Platforms
		Release|x64 = Release|x64
		Release|x86 = Release|x86
	EndGlobalSection
	GlobalSection(ProjectConfigurationPlatforms) = postSolution
		{C8FCA4E8-5E5B-4B79-95A9-A74383823FEC}.Debug|Any CPU.ActiveCfg = Debug|Any CPU
		{C8FCA4E8-5E5B-4B79-95A9-A74383823FEC}.Debug|Any CPU.Build.0 = Debug|Any CPU
		{C8FCA4E8-5E5B-4B79-95A9-A74383823FEC}.Debug|Any CPU.Deploy.0 = Debug|Any CPU
		{C8FCA4E8-5E5B-4B79-95A9-A74383823FEC}.Debug|ARM.ActiveCfg = Debug|ARM
		{C8FCA4E8-5E5B-4B79-95A9-A74383823FEC}.Debug|ARM.Build.0 = Debug|ARM
		{C8FCA4E8-5E5B-4B79-95A9-A74383823FEC}.Debug|ARM.Deploy.0 = Debug|ARM
		{C8FCA4E8-5E5B-4B79-95A9-A74383823FEC}.Debug|Mixed Platforms.ActiveCfg = Debug|x86
		{C8FCA4E8-5E5B-4B79-95A9-A74383823FEC}.Debug|Mixed Platforms.Build.0 = Debug|x86
		{C8FCA4E8-5E5B-4B79-95A9-A74383823FEC}.Debug|Mixed Platforms.Deploy.0 = Debug|x86
		{C8FCA4E8-5E5B-4B79-95A9-A74383823FEC}.Debug|x64.ActiveCfg = Debug|x64
		{C8FCA4E8-5E5B-4B79-95A9-A74383823FEC}.Debug|x64.Build.0 = Debug|x64
		{C8FCA4E8-5E5B-4B79-95A9-A74383823FEC}.Debug|x64.Deploy.0 = Debug|x64
		{C8FCA4E8-5E5B-4B79-95A9-A74383823FEC}.Debug|x86.ActiveCfg = Debug|x86
		{C8FCA4E8-5E5B-4B79-95A9-A74383823FEC}.Debug|x86.Build.0 = Debug|x86
		{C8FCA4E8-5E5B-4B79-95A9-A74383823FEC}.Debug|x86.Deploy.0 = Debug|x86
		{C8FCA4E8-5E5B-4B79-95A9-A74383823FEC}.Release|Any CPU.ActiveCfg = Release|Any CPU
		{C8FCA4E8-5E5B-4B79-95A9-A74383823FEC}.Release|Any CPU.Build.0 = Release|Any CPU
		{C8FCA4E8-5E5B-4B79-95A9-A74383823FEC}.Release|Any CPU.Deploy.0 = Release|Any CPU
		{C8FCA4E8-5E5B-4B79-95A9-A74383823FEC}.Release|ARM.ActiveCfg = Release|ARM
		{C8FCA4E8-5E5B-4B79-95A9-A74383823FEC}.Release|ARM.Build.0 = Release|ARM
		{C8FCA4E8-5E5B-4B79-95A9-A74383823FEC}.Release|ARM.Deploy.0 = Release|ARM
		{C8FCA4E8-5E5B-4B79-95A9-A74383823FEC}.Release|Mixed Platforms.ActiveCfg = Release|x86
		{C8FCA4E8-5E5B-4B79-95A9-A74383823FEC}.Release|Mixed Platforms.Build.0 = Release|x86
		{C8FCA4E8-5E5B-4B79-95A9-A74383823FEC}.Release|Mixed Platforms.Deploy.0 = Release|x86
		{C8FCA4E8-5E5B-4B79-95A9-A74383823FEC}.Release|x64.ActiveCfg = Release|x64
		{C8FCA4E8-5E5B-4B79-95A9-A74383823FEC}.Release|x64.Build.0 = Release|x64
		{C8FCA4E8-5E5B-4B79-95A9-A74383823FEC}.Release|x64.Deploy.0 = Release|x64
		{C8FCA4E8-5E5B-4B79-95A9-A74383823FEC}.Release|x86.ActiveCfg = Release|x86
		{C8FCA4E8-5E5B-4B79-95A9-A74383823FEC}.Release|x86.Build.0 = Release|x86
		{C8FCA4E8-5E5B-4B79-95A9-A74383823FEC}.Release|x86.Deploy.0 = Release|x86
		{BD50ECA0-7F46-41E1-A407-56821F327B5B}.Debug|Any CPU.ActiveCfg = Debug|Any CPU
		{BD50ECA0-7F46-41E1-A407-56821F327B5B}.Debug|Any CPU.Build.0 = Debug|Any CPU
		{BD50ECA0-7F46-41E1-A407-56821F327B5B}.Debug|Any CPU.Deploy.0 = Debug|Any CPU
		{BD50ECA0-7F46-41E1-A407-56821F327B5B}.Debug|ARM.ActiveCfg = Debug|ARM
		{BD50ECA0-7F46-41E1-A407-56821F327B5B}.Debug|ARM.Build.0 = Debug|ARM
		{BD50ECA0-7F46-41E1-A407-56821F327B5B}.Debug|ARM.Deploy.0 = Debug|ARM
		{BD50ECA0-7F46-41E1-A407-56821F327B5B}.Debug|Mixed Platforms.ActiveCfg = Debug|x86
		{BD50ECA0-7F46-41E1-A407-56821F327B5B}.Debug|Mixed Platforms.Build.0 = Debug|x86
		{BD50ECA0-7F46-41E1-A407-56821F327B5B}.Debug|Mixed Platforms.Deploy.0 = Debug|x86
		{BD50ECA0-7F46-41E1-A407-56821F327B5B}.Debug|x64.ActiveCfg = Debug|Any CPU
		{BD50ECA0-7F46-41E1-A407-56821F327B5B}.Debug|x86.ActiveCfg = Debug|x86
		{BD50ECA0-7F46-41E1-A407-56821F327B5B}.Debug|x86.Build.0 = Debug|x86
		{BD50ECA0-7F46-41E1-A407-56821F327B5B}.Debug|x86.Deploy.0 = Debug|x86
		{BD50ECA0-7F46-41E1-A407-56821F327B5B}.Release|Any CPU.ActiveCfg = Release|Any CPU
		{BD50ECA0-7F46-41E1-A407-56821F327B5B}.Release|Any CPU.Build.0 = Release|Any CPU
		{BD50ECA0-7F46-41E1-A407-56821F327B5B}.Release|Any CPU.Deploy.0 = Release|Any CPU
		{BD50ECA0-7F46-41E1-A407-56821F327B5B}.Release|ARM.ActiveCfg = Release|ARM
		{BD50ECA0-7F46-41E1-A407-56821F327B5B}.Release|ARM.Build.0 = Release|ARM
		{BD50ECA0-7F46-41E1-A407-56821F327B5B}.Release|ARM.Deploy.0 = Release|ARM
		{BD50ECA0-7F46-41E1-A407-56821F327B5B}.Release|Mixed Platforms.ActiveCfg = Release|x86
		{BD50ECA0-7F46-41E1-A407-56821F327B5B}.Release|Mixed Platforms.Build.0 = Release|x86
		{BD50ECA0-7F46-41E1-A407-56821F327B5B}.Release|Mixed Platforms.Deploy.0 = Release|x86
		{BD50ECA0-7F46-41E1-A407-56821F327B5B}.Release|x64.ActiveCfg = Release|Any CPU
		{BD50ECA0-7F46-41E1-A407-56821F327B5B}.Release|x86.ActiveCfg = Release|x86
		{BD50ECA0-7F46-41E1-A407-56821F327B5B}.Release|x86.Build.0 = Release|x86
		{BD50ECA0-7F46-41E1-A407-56821F327B5B}.Release|x86.Deploy.0 = Release|x86
		{209FA716-A7AD-4095-BD70-C8710FC66FA7}.Debug|Any CPU.ActiveCfg = Debug|Any CPU
		{209FA716-A7AD-4095-BD70-C8710FC66FA7}.Debug|Any CPU.Build.0 = Debug|Any CPU
		{209FA716-A7AD-4095-BD70-C8710FC66FA7}.Debug|Any CPU.Deploy.0 = Debug|Any CPU
		{209FA716-A7AD-4095-BD70-C8710FC66FA7}.Debug|ARM.ActiveCfg = Debug|Any CPU
		{209FA716-A7AD-4095-BD70-C8710FC66FA7}.Debug|Mixed Platforms.ActiveCfg = Debug|Any CPU
		{209FA716-A7AD-4095-BD70-C8710FC66FA7}.Debug|Mixed Platforms.Build.0 = Debug|Any CPU
		{209FA716-A7AD-4095-BD70-C8710FC66FA7}.Debug|x64.ActiveCfg = Debug|Any CPU
		{209FA716-A7AD-4095-BD70-C8710FC66FA7}.Debug|x86.ActiveCfg = Debug|Any CPU
		{209FA716-A7AD-4095-BD70-C8710FC66FA7}.Release|Any CPU.ActiveCfg = Release|Any CPU
		{209FA716-A7AD-4095-BD70-C8710FC66FA7}.Release|Any CPU.Build.0 = Release|Any CPU
		{209FA716-A7AD-4095-BD70-C8710FC66FA7}.Release|Any CPU.Deploy.0 = Release|Any CPU
		{209FA716-A7AD-4095-BD70-C8710FC66FA7}.Release|ARM.ActiveCfg = Release|Any CPU
		{209FA716-A7AD-4095-BD70-C8710FC66FA7}.Release|Mixed Platforms.ActiveCfg = Release|Any CPU
		{209FA716-A7AD-4095-BD70-C8710FC66FA7}.Release|Mixed Platforms.Build.0 = Release|Any CPU
		{209FA716-A7AD-4095-BD70-C8710FC66FA7}.Release|x64.ActiveCfg = Release|Any CPU
		{209FA716-A7AD-4095-BD70-C8710FC66FA7}.Release|x86.ActiveCfg = Release|Any CPU
		{8A9B4DBC-A7FD-49F3-A001-089B7939CDFC}.Debug|Any CPU.ActiveCfg = Debug|Any CPU
		{8A9B4DBC-A7FD-49F3-A001-089B7939CDFC}.Debug|Any CPU.Build.0 = Debug|Any CPU
		{8A9B4DBC-A7FD-49F3-A001-089B7939CDFC}.Debug|Any CPU.Deploy.0 = Debug|Any CPU
		{8A9B4DBC-A7FD-49F3-A001-089B7939CDFC}.Debug|ARM.ActiveCfg = Debug|ARM
		{8A9B4DBC-A7FD-49F3-A001-089B7939CDFC}.Debug|ARM.Build.0 = Debug|ARM
		{8A9B4DBC-A7FD-49F3-A001-089B7939CDFC}.Debug|ARM.Deploy.0 = Debug|ARM
		{8A9B4DBC-A7FD-49F3-A001-089B7939CDFC}.Debug|Mixed Platforms.ActiveCfg = Debug|Any CPU
		{8A9B4DBC-A7FD-49F3-A001-089B7939CDFC}.Debug|Mixed Platforms.Build.0 = Debug|Any CPU
		{8A9B4DBC-A7FD-49F3-A001-089B7939CDFC}.Debug|Mixed Platforms.Deploy.0 = Debug|Any CPU
		{8A9B4DBC-A7FD-49F3-A001-089B7939CDFC}.Debug|x64.ActiveCfg = Debug|Any CPU
		{8A9B4DBC-A7FD-49F3-A001-089B7939CDFC}.Debug|x86.ActiveCfg = Debug|x86
		{8A9B4DBC-A7FD-49F3-A001-089B7939CDFC}.Debug|x86.Build.0 = Debug|x86
		{8A9B4DBC-A7FD-49F3-A001-089B7939CDFC}.Debug|x86.Deploy.0 = Debug|x86
		{8A9B4DBC-A7FD-49F3-A001-089B7939CDFC}.Release|Any CPU.ActiveCfg = Release|Any CPU
		{8A9B4DBC-A7FD-49F3-A001-089B7939CDFC}.Release|Any CPU.Build.0 = Release|Any CPU
		{8A9B4DBC-A7FD-49F3-A001-089B7939CDFC}.Release|Any CPU.Deploy.0 = Release|Any CPU
		{8A9B4DBC-A7FD-49F3-A001-089B7939CDFC}.Release|ARM.ActiveCfg = Release|ARM
		{8A9B4DBC-A7FD-49F3-A001-089B7939CDFC}.Release|ARM.Build.0 = Release|ARM
		{8A9B4DBC-A7FD-49F3-A001-089B7939CDFC}.Release|ARM.Deploy.0 = Release|ARM
		{8A9B4DBC-A7FD-49F3-A001-089B7939CDFC}.Release|Mixed Platforms.ActiveCfg = Release|x86
		{8A9B4DBC-A7FD-49F3-A001-089B7939CDFC}.Release|Mixed Platforms.Build.0 = Release|x86
		{8A9B4DBC-A7FD-49F3-A001-089B7939CDFC}.Release|Mixed Platforms.Deploy.0 = Release|x86
		{8A9B4DBC-A7FD-49F3-A001-089B7939CDFC}.Release|x64.ActiveCfg = Release|Any CPU
		{8A9B4DBC-A7FD-49F3-A001-089B7939CDFC}.Release|x86.ActiveCfg = Release|x86
		{8A9B4DBC-A7FD-49F3-A001-089B7939CDFC}.Release|x86.Build.0 = Release|x86
		{8A9B4DBC-A7FD-49F3-A001-089B7939CDFC}.Release|x86.Deploy.0 = Release|x86
		{FC9900B2-530A-462D-9DF4-D8E2820C4FF5}.Debug|Any CPU.ActiveCfg = Debug|Any CPU
		{FC9900B2-530A-462D-9DF4-D8E2820C4FF5}.Debug|Any CPU.Build.0 = Debug|Any CPU
		{FC9900B2-530A-462D-9DF4-D8E2820C4FF5}.Debug|ARM.ActiveCfg = Debug|Any CPU
		{FC9900B2-530A-462D-9DF4-D8E2820C4FF5}.Debug|Mixed Platforms.ActiveCfg = Debug|Any CPU
		{FC9900B2-530A-462D-9DF4-D8E2820C4FF5}.Debug|Mixed Platforms.Build.0 = Debug|Any CPU
		{FC9900B2-530A-462D-9DF4-D8E2820C4FF5}.Debug|x64.ActiveCfg = Debug|Any CPU
		{FC9900B2-530A-462D-9DF4-D8E2820C4FF5}.Debug|x86.ActiveCfg = Debug|Any CPU
		{FC9900B2-530A-462D-9DF4-D8E2820C4FF5}.Release|Any CPU.ActiveCfg = Release|Any CPU
		{FC9900B2-530A-462D-9DF4-D8E2820C4FF5}.Release|Any CPU.Build.0 = Release|Any CPU
		{FC9900B2-530A-462D-9DF4-D8E2820C4FF5}.Release|ARM.ActiveCfg = Release|Any CPU
		{FC9900B2-530A-462D-9DF4-D8E2820C4FF5}.Release|Mixed Platforms.ActiveCfg = Release|Any CPU
		{FC9900B2-530A-462D-9DF4-D8E2820C4FF5}.Release|Mixed Platforms.Build.0 = Release|Any CPU
		{FC9900B2-530A-462D-9DF4-D8E2820C4FF5}.Release|x64.ActiveCfg = Release|Any CPU
		{FC9900B2-530A-462D-9DF4-D8E2820C4FF5}.Release|x86.ActiveCfg = Release|Any CPU
		{DCECA27D-F595-4875-AB17-9D7746EB3ED6}.Debug|Any CPU.ActiveCfg = Debug|Any CPU
		{DCECA27D-F595-4875-AB17-9D7746EB3ED6}.Debug|Any CPU.Build.0 = Debug|Any CPU
		{DCECA27D-F595-4875-AB17-9D7746EB3ED6}.Debug|ARM.ActiveCfg = Debug|Any CPU
		{DCECA27D-F595-4875-AB17-9D7746EB3ED6}.Debug|Mixed Platforms.ActiveCfg = Debug|Any CPU
		{DCECA27D-F595-4875-AB17-9D7746EB3ED6}.Debug|Mixed Platforms.Build.0 = Debug|Any CPU
		{DCECA27D-F595-4875-AB17-9D7746EB3ED6}.Debug|x64.ActiveCfg = Debug|Any CPU
		{DCECA27D-F595-4875-AB17-9D7746EB3ED6}.Debug|x86.ActiveCfg = Debug|Any CPU
		{DCECA27D-F595-4875-AB17-9D7746EB3ED6}.Release|Any CPU.ActiveCfg = Release|Any CPU
		{DCECA27D-F595-4875-AB17-9D7746EB3ED6}.Release|Any CPU.Build.0 = Release|Any CPU
		{DCECA27D-F595-4875-AB17-9D7746EB3ED6}.Release|ARM.ActiveCfg = Release|Any CPU
		{DCECA27D-F595-4875-AB17-9D7746EB3ED6}.Release|Mixed Platforms.ActiveCfg = Release|Any CPU
		{DCECA27D-F595-4875-AB17-9D7746EB3ED6}.Release|Mixed Platforms.Build.0 = Release|Any CPU
		{DCECA27D-F595-4875-AB17-9D7746EB3ED6}.Release|x64.ActiveCfg = Release|Any CPU
		{DCECA27D-F595-4875-AB17-9D7746EB3ED6}.Release|x86.ActiveCfg = Release|Any CPU
		{5309B3F8-F669-4958-B27D-EF4665BB7AAE}.Debug|Any CPU.ActiveCfg = Debug|x86
		{5309B3F8-F669-4958-B27D-EF4665BB7AAE}.Debug|ARM.ActiveCfg = Debug|ARM
		{5309B3F8-F669-4958-B27D-EF4665BB7AAE}.Debug|ARM.Build.0 = Debug|ARM
		{5309B3F8-F669-4958-B27D-EF4665BB7AAE}.Debug|ARM.Deploy.0 = Debug|ARM
		{5309B3F8-F669-4958-B27D-EF4665BB7AAE}.Debug|Mixed Platforms.ActiveCfg = Debug|x86
		{5309B3F8-F669-4958-B27D-EF4665BB7AAE}.Debug|Mixed Platforms.Build.0 = Debug|x86
		{5309B3F8-F669-4958-B27D-EF4665BB7AAE}.Debug|Mixed Platforms.Deploy.0 = Debug|x86
		{5309B3F8-F669-4958-B27D-EF4665BB7AAE}.Debug|x64.ActiveCfg = Debug|x86
		{5309B3F8-F669-4958-B27D-EF4665BB7AAE}.Debug|x86.ActiveCfg = Debug|x86
		{5309B3F8-F669-4958-B27D-EF4665BB7AAE}.Debug|x86.Build.0 = Debug|x86
		{5309B3F8-F669-4958-B27D-EF4665BB7AAE}.Debug|x86.Deploy.0 = Debug|x86
		{5309B3F8-F669-4958-B27D-EF4665BB7AAE}.Release|Any CPU.ActiveCfg = Release|x86
		{5309B3F8-F669-4958-B27D-EF4665BB7AAE}.Release|ARM.ActiveCfg = Release|ARM
		{5309B3F8-F669-4958-B27D-EF4665BB7AAE}.Release|ARM.Build.0 = Release|ARM
		{5309B3F8-F669-4958-B27D-EF4665BB7AAE}.Release|ARM.Deploy.0 = Release|ARM
		{5309B3F8-F669-4958-B27D-EF4665BB7AAE}.Release|Mixed Platforms.ActiveCfg = Release|x86
		{5309B3F8-F669-4958-B27D-EF4665BB7AAE}.Release|Mixed Platforms.Build.0 = Release|x86
		{5309B3F8-F669-4958-B27D-EF4665BB7AAE}.Release|Mixed Platforms.Deploy.0 = Release|x86
		{5309B3F8-F669-4958-B27D-EF4665BB7AAE}.Release|x64.ActiveCfg = Release|x86
		{5309B3F8-F669-4958-B27D-EF4665BB7AAE}.Release|x86.ActiveCfg = Release|x86
		{5309B3F8-F669-4958-B27D-EF4665BB7AAE}.Release|x86.Build.0 = Release|x86
		{5309B3F8-F669-4958-B27D-EF4665BB7AAE}.Release|x86.Deploy.0 = Release|x86
		{A9986FC9-74E5-4352-BFCB-8004F5F85F0A}.Debug|Any CPU.ActiveCfg = Debug|Any CPU
		{A9986FC9-74E5-4352-BFCB-8004F5F85F0A}.Debug|Any CPU.Build.0 = Debug|Any CPU
		{A9986FC9-74E5-4352-BFCB-8004F5F85F0A}.Debug|ARM.ActiveCfg = Debug|Any CPU
		{A9986FC9-74E5-4352-BFCB-8004F5F85F0A}.Debug|Mixed Platforms.ActiveCfg = Debug|Any CPU
		{A9986FC9-74E5-4352-BFCB-8004F5F85F0A}.Debug|Mixed Platforms.Build.0 = Debug|Any CPU
		{A9986FC9-74E5-4352-BFCB-8004F5F85F0A}.Debug|x64.ActiveCfg = Debug|Any CPU
		{A9986FC9-74E5-4352-BFCB-8004F5F85F0A}.Debug|x86.ActiveCfg = Debug|Any CPU
		{A9986FC9-74E5-4352-BFCB-8004F5F85F0A}.Release|Any CPU.ActiveCfg = Release|Any CPU
		{A9986FC9-74E5-4352-BFCB-8004F5F85F0A}.Release|Any CPU.Build.0 = Release|Any CPU
		{A9986FC9-74E5-4352-BFCB-8004F5F85F0A}.Release|ARM.ActiveCfg = Release|Any CPU
		{A9986FC9-74E5-4352-BFCB-8004F5F85F0A}.Release|Mixed Platforms.ActiveCfg = Release|Any CPU
		{A9986FC9-74E5-4352-BFCB-8004F5F85F0A}.Release|Mixed Platforms.Build.0 = Release|Any CPU
		{A9986FC9-74E5-4352-BFCB-8004F5F85F0A}.Release|x64.ActiveCfg = Release|Any CPU
		{A9986FC9-74E5-4352-BFCB-8004F5F85F0A}.Release|x86.ActiveCfg = Release|Any CPU
		{14EEB428-5520-4A8B-8F45-29BF8F14666D}.Debug|Any CPU.ActiveCfg = Debug|Any CPU
		{14EEB428-5520-4A8B-8F45-29BF8F14666D}.Debug|Any CPU.Build.0 = Debug|Any CPU
		{14EEB428-5520-4A8B-8F45-29BF8F14666D}.Debug|ARM.ActiveCfg = Debug|Any CPU
		{14EEB428-5520-4A8B-8F45-29BF8F14666D}.Debug|Mixed Platforms.ActiveCfg = Debug|Any CPU
		{14EEB428-5520-4A8B-8F45-29BF8F14666D}.Debug|Mixed Platforms.Build.0 = Debug|Any CPU
		{14EEB428-5520-4A8B-8F45-29BF8F14666D}.Debug|x64.ActiveCfg = Debug|Any CPU
		{14EEB428-5520-4A8B-8F45-29BF8F14666D}.Debug|x86.ActiveCfg = Debug|Any CPU
		{14EEB428-5520-4A8B-8F45-29BF8F14666D}.Release|Any CPU.ActiveCfg = Release|Any CPU
		{14EEB428-5520-4A8B-8F45-29BF8F14666D}.Release|Any CPU.Build.0 = Release|Any CPU
		{14EEB428-5520-4A8B-8F45-29BF8F14666D}.Release|ARM.ActiveCfg = Release|Any CPU
		{14EEB428-5520-4A8B-8F45-29BF8F14666D}.Release|Mixed Platforms.ActiveCfg = Release|Any CPU
		{14EEB428-5520-4A8B-8F45-29BF8F14666D}.Release|Mixed Platforms.Build.0 = Release|Any CPU
		{14EEB428-5520-4A8B-8F45-29BF8F14666D}.Release|x64.ActiveCfg = Release|Any CPU
		{14EEB428-5520-4A8B-8F45-29BF8F14666D}.Release|x86.ActiveCfg = Release|Any CPU
	EndGlobalSection
	GlobalSection(SolutionProperties) = preSolution
		HideSolutionNode = FALSE
	EndGlobalSection
	GlobalSection(NestedProjects) = preSolution
		{F6C0526E-9FE6-4B07-B340-243315E431F1} = {06A2DBE9-7FF6-40C0-9447-22FB96ACBEA0}
		{C8FCA4E8-5E5B-4B79-95A9-A74383823FEC} = {F6C0526E-9FE6-4B07-B340-243315E431F1}
		{1BBA7382-395F-44D1-9431-813384EAB491} = {F6C0526E-9FE6-4B07-B340-243315E431F1}
		{BD50ECA0-7F46-41E1-A407-56821F327B5B} = {F6C0526E-9FE6-4B07-B340-243315E431F1}
		{209FA716-A7AD-4095-BD70-C8710FC66FA7} = {A5DD4CCE-A480-4E23-A2E7-C77775C89F11}
		{8A9B4DBC-A7FD-49F3-A001-089B7939CDFC} = {06A2DBE9-7FF6-40C0-9447-22FB96ACBEA0}
		{DCECA27D-F595-4875-AB17-9D7746EB3ED6} = {95DFF502-546A-4A0E-BF64-654F631EEBE1}
		{5309B3F8-F669-4958-B27D-EF4665BB7AAE} = {4EEFE5CF-B8A2-4555-8461-84E20CF8F4B5}
		{A9986FC9-74E5-4352-BFCB-8004F5F85F0A} = {95DFF502-546A-4A0E-BF64-654F631EEBE1}
		{14EEB428-5520-4A8B-8F45-29BF8F14666D} = {4EEFE5CF-B8A2-4555-8461-84E20CF8F4B5}
	EndGlobalSection
EndGlobal
